
Microsoft Visual Studio Solution File, Format Version 12.00
# Visual Studio Version 17
VisualStudioVersion = 17.12.35527.113
MinimumVisualStudioVersion = 10.0.40219.1
Project("{8BC9CEB8-8B4A-11D0-8D11-00A0C91BC942}") = "cruise", "emulator.vcxproj", "{57D42838-6773-4E09-AF44-20A5CB138F84}"
EndProject
Global
	GlobalSection(SolutionConfigurationPlatforms) = preSolution
		Debug|x64 = Debug|x64
		Release|x64 = Release|x64
	EndGlobalSection
	GlobalSection(ProjectConfigurationPlatforms) = postSolution
		{57D42838-6773-4E09-AF44-20A5CB138F84}.Debug|x64.ActiveCfg = Debug|x64
		{57D42838-6773-4E09-AF44-20A5CB138F84}.Debug|x64.Build.0 = Debug|x64
		{57D42838-6773-4E09-AF44-20A5CB138F84}.Release|x64.ActiveCfg = Release|x64
		{57D42838-6773-4E09-AF44-20A5CB138F84}.Release|x64.Build.0 = Release|x64
	EndGlobalSection
	GlobalSection(SolutionProperties) = preSolution
		HideSolutionNode = FALSE
	EndGlobalSection
EndGlobal
